
Microsoft Visual Studio Solution File, Format Version 12.00
# Visual Studio Version 17
VisualStudioVersion = 17.13.35919.96
MinimumVisualStudioVersion = 10.0.40219.1
Project("{FAE04EC0-301F-11D3-BF4B-00C04F79EFBC}") = "simulation-app", "simulation-app\simulation-app.csproj", "{02A567FB-0CEE-4E71-9D5F-4FB7B296C541}"
EndProject
Project("{8BC9CEB8-8B4A-11D0-8D11-00A0C91BC942}") = "NativeLib", "NativeLib\NativeLib.vcxproj", "{08D195C5-E51D-4CB9-8B98-EC537303ECC6}"
EndProject
Project("{8BC9CEB8-8B4A-11D0-8D11-00A0C91BC942}") = "NativeBridge", "NativeBridge\NativeBridge.vcxproj", "{E8060E01-1229-2BBB-333D-F19180B13B09}"
EndProject
Global
	GlobalSection(SolutionConfigurationPlatforms) = preSolution
		Debug|Any CPU = Debug|Any CPU
		Debug|x64 = Debug|x64
		Debug|x86 = Debug|x86
		Release|Any CPU = Release|Any CPU
		Release|x64 = Release|x64
		Release|x86 = Release|x86
	EndGlobalSection
	GlobalSection(ProjectConfigurationPlatforms) = postSolution
		{02A567FB-0CEE-4E71-9D5F-4FB7B296C541}.Debug|Any CPU.ActiveCfg = Debug|Any CPU
		{02A567FB-0CEE-4E71-9D5F-4FB7B296C541}.Debug|Any CPU.Build.0 = Debug|Any CPU
		{02A567FB-0CEE-4E71-9D5F-4FB7B296C541}.Debug|x64.ActiveCfg = Debug|Any CPU
		{02A567FB-0CEE-4E71-9D5F-4FB7B296C541}.Debug|x64.Build.0 = Debug|Any CPU
		{02A567FB-0CEE-4E71-9D5F-4FB7B296C541}.Debug|x86.ActiveCfg = Debug|Any CPU
		{02A567FB-0CEE-4E71-9D5F-4FB7B296C541}.Debug|x86.Build.0 = Debug|Any CPU
		{02A567FB-0CEE-4E71-9D5F-4FB7B296C541}.Release|Any CPU.ActiveCfg = Release|Any CPU
		{02A567FB-0CEE-4E71-9D5F-4FB7B296C541}.Release|Any CPU.Build.0 = Release|Any CPU
		{02A567FB-0CEE-4E71-9D5F-4FB7B296C541}.Release|x64.ActiveCfg = Release|Any CPU
		{02A567FB-0CEE-4E71-9D5F-4FB7B296C541}.Release|x64.Build.0 = Release|Any CPU
		{02A567FB-0CEE-4E71-9D5F-4FB7B296C541}.Release|x86.ActiveCfg = Release|Any CPU
		{02A567FB-0CEE-4E71-9D5F-4FB7B296C541}.Release|x86.Build.0 = Release|Any CPU
		{08D195C5-E51D-4CB9-8B98-EC537303ECC6}.Debug|Any CPU.ActiveCfg = Debug|x64
		{08D195C5-E51D-4CB9-8B98-EC537303ECC6}.Debug|Any CPU.Build.0 = Debug|x64
		{08D195C5-E51D-4CB9-8B98-EC537303ECC6}.Debug|x64.ActiveCfg = Debug|x64
		{08D195C5-E51D-4CB9-8B98-EC537303ECC6}.Debug|x64.Build.0 = Debug|x64
		{08D195C5-E51D-4CB9-8B98-EC537303ECC6}.Debug|x86.ActiveCfg = Debug|Win32
		{08D195C5-E51D-4CB9-8B98-EC537303ECC6}.Debug|x86.Build.0 = Debug|Win32
		{08D195C5-E51D-4CB9-8B98-EC537303ECC6}.Release|Any CPU.ActiveCfg = Release|x64
		{08D195C5-E51D-4CB9-8B98-EC537303ECC6}.Release|Any CPU.Build.0 = Release|x64
		{08D195C5-E51D-4CB9-8B98-EC537303ECC6}.Release|x64.ActiveCfg = Release|x64
		{08D195C5-E51D-4CB9-8B98-EC537303ECC6}.Release|x64.Build.0 = Release|x64
		{08D195C5-E51D-4CB9-8B98-EC537303ECC6}.Release|x86.ActiveCfg = Release|Win32
		{08D195C5-E51D-4CB9-8B98-EC537303ECC6}.Release|x86.Build.0 = Release|Win32
		{E8060E01-1229-2BBB-333D-F19180B13B09}.Debug|Any CPU.ActiveCfg = Debug|x64
		{E8060E01-1229-2BBB-333D-F19180B13B09}.Debug|Any CPU.Build.0 = Debug|x64
		{E8060E01-1229-2BBB-333D-F19180B13B09}.Debug|x64.ActiveCfg = Debug|x64
		{E8060E01-1229-2BBB-333D-F19180B13B09}.Debug|x64.Build.0 = Debug|x64
		{E8060E01-1229-2BBB-333D-F19180B13B09}.Debug|x86.ActiveCfg = Debug|Win32
		{E8060E01-1229-2BBB-333D-F19180B13B09}.Debug|x86.Build.0 = Debug|Win32
		{E8060E01-1229-2BBB-333D-F19180B13B09}.Release|Any CPU.ActiveCfg = Release|x64
		{E8060E01-1229-2BBB-333D-F19180B13B09}.Release|Any CPU.Build.0 = Release|x64
		{E8060E01-1229-2BBB-333D-F19180B13B09}.Release|x64.ActiveCfg = Release|x64
		{E8060E01-1229-2BBB-333D-F19180B13B09}.Release|x64.Build.0 = Release|x64
		{E8060E01-1229-2BBB-333D-F19180B13B09}.Release|x86.ActiveCfg = Release|Win32
		{E8060E01-1229-2BBB-333D-F19180B13B09}.Release|x86.Build.0 = Release|Win32
	EndGlobalSection
	GlobalSection(SolutionProperties) = preSolution
		HideSolutionNode = FALSE
	EndGlobalSection
	GlobalSection(ExtensibilityGlobals) = postSolution
		SolutionGuid = {5681136B-2816-4FCA-92EC-EA1C67A28879}
	EndGlobalSection
EndGlobal
